
Microsoft Visual Studio Solution File, Format Version 12.00
# Visual Studio Version 16
VisualStudioVersion = 16.0.31410.357
MinimumVisualStudioVersion = 10.0.40219.1
Project("{FAE04EC0-301F-11D3-BF4B-00C04F79EFBC}") = "ConsoleApp1", "ConsoleApp1\ConsoleApp1.csproj", "{DA9B3BF5-ACEA-450E-924B-8059E404D844}"
EndProject
Global
	GlobalSection(SolutionConfigurationPlatforms) = preSolution
		Debug|Any CPU = Debug|Any CPU
		Release|Any CPU = Release|Any CPU
	EndGlobalSection
	GlobalSection(ProjectConfigurationPlatforms) = postSolution
		{DA9B3BF5-ACEA-450E-924B-8059E404D844}.Debug|Any CPU.ActiveCfg = Debug|Any CPU
		{DA9B3BF5-ACEA-450E-924B-8059E404D844}.Debug|Any CPU.Build.0 = Debug|Any CPU
		{DA9B3BF5-ACEA-450E-924B-8059E404D844}.Release|Any CPU.ActiveCfg = Release|Any CPU
		{DA9B3BF5-ACEA-450E-924B-8059E404D844}.Release|Any CPU.Build.0 = Release|Any CPU
	EndGlobalSection
	GlobalSection(SolutionProperties) = preSolution
		HideSolutionNode = FALSE
	EndGlobalSection
	GlobalSection(ExtensibilityGlobals) = postSolution
		SolutionGuid = {03C8268D-8739-403C-80F2-D2CFAA58A076}
	EndGlobalSection
EndGlobal
